
Microsoft Visual Studio Solution File, Format Version 12.00
# Visual Studio Version 16
VisualStudioVersion = 16.0.29102.190
MinimumVisualStudioVersion = 10.0.40219.1
Project("{8BC9CEB8-8B4A-11D0-8D11-00A0C91BC942}") = "something_like_int", "something_like_int\something_like_int.vcxproj", "{7EA13E7C-DF32-4106-9E57-6F2785CFB098}"
EndProject
Global
	GlobalSection(SolutionConfigurationPlatforms) = preSolution
		Debug|x64 = Debug|x64
		Debug|x86 = Debug|x86
		Release|x64 = Release|x64
		Release|x86 = Release|x86
	EndGlobalSection
	GlobalSection(ProjectConfigurationPlatforms) = postSolution
		{7EA13E7C-DF32-4106-9E57-6F2785CFB098}.Debug|x64.ActiveCfg = Debug|x64
		{7EA13E7C-DF32-4106-9E57-6F2785CFB098}.Debug|x64.Build.0 = Debug|x64
		{7EA13E7C-DF32-4106-9E57-6F2785CFB098}.Debug|x86.ActiveCfg = Debug|Win32
		{7EA13E7C-DF32-4106-9E57-6F2785CFB098}.Debug|x86.Build.0 = Debug|Win32
		{7EA13E7C-DF32-4106-9E57-6F2785CFB098}.Release|x64.ActiveCfg = Release|x64
		{7EA13E7C-DF32-4106-9E57-6F2785CFB098}.Release|x64.Build.0 = Release|x64
		{7EA13E7C-DF32-4106-9E57-6F2785CFB098}.Release|x86.ActiveCfg = Release|Win32
		{7EA13E7C-DF32-4106-9E57-6F2785CFB098}.Release|x86.Build.0 = Release|Win32
	EndGlobalSection
	GlobalSection(SolutionProperties) = preSolution
		HideSolutionNode = FALSE
	EndGlobalSection
	GlobalSection(ExtensibilityGlobals) = postSolution
		SolutionGuid = {AC39B7E8-37C5-4847-AF1C-F157F8A1A931}
	EndGlobalSection
EndGlobal
